{
  "originHash" : "87bc79fcccc55ce355a01b2e68fcd580a18765a117cbee40f0c77cddde507f26",
  "pins" : [
    {
      "identity" : "rxswift",
      "kind" : "remoteSourceControl",
      "location" : "https://github.com/ReactiveX/RxSwift.git",
      "state" : {
        "revision" : "cec68169a048a079f461ba203fe85636548d7a89",
        "version" : "5.1.3"
      }
    }
  ],
  "version" : 3
}
